
Microsoft Visual Studio Solution File, Format Version 12.00
# Visual Studio 15
VisualStudioVersion = 15.0.28010.2046
MinimumVisualStudioVersion = 10.0.40219.1
Project("{FAE04EC0-301F-11D3-BF4B-00C04F79EFBC}") = "GestionReservas", "GestionReservas\GestionReservas.csproj", "{EC80D979-5C8E-431A-8D71-D07989AE8079}"
EndProject
Global
	GlobalSection(SolutionConfigurationPlatforms) = preSolution
		Debug|Any CPU = Debug|Any CPU
		Release|Any CPU = Release|Any CPU
	EndGlobalSection
	GlobalSection(ProjectConfigurationPlatforms) = postSolution
		{EC80D979-5C8E-431A-8D71-D07989AE8079}.Debug|Any CPU.ActiveCfg = Debug|Any CPU
		{EC80D979-5C8E-431A-8D71-D07989AE8079}.Debug|Any CPU.Build.0 = Debug|Any CPU
		{EC80D979-5C8E-431A-8D71-D07989AE8079}.Release|Any CPU.ActiveCfg = Release|Any CPU
		{EC80D979-5C8E-431A-8D71-D07989AE8079}.Release|Any CPU.Build.0 = Release|Any CPU
	EndGlobalSection
	GlobalSection(SolutionProperties) = preSolution
		HideSolutionNode = FALSE
	EndGlobalSection
	GlobalSection(ExtensibilityGlobals) = postSolution
		SolutionGuid = {189133CE-6C51-44E0-AFE3-8F0736A41CBD}
	EndGlobalSection
EndGlobal
